// !$*UTF8*$!
{
	archiveVersion = 1;
	classes = {
	};
	objectVersion = 56;
	objects = {

/* Begin PBXBuildFile section */
		808EBDDB2928453E00E6BEA5 /* AppDelegate.swift in Sources */ = {isa = PBXBuildFile; fileRef = 808EBDDA2928453E00E6BEA5 /* AppDelegate.swift */; };
		808EBDDD2928453E00E6BEA5 /* SceneDelegate.swift in Sources */ = {isa = PBXBuildFile; fileRef = 808EBDDC2928453E00E6BEA5 /* SceneDelegate.swift */; };
		808EBDDF2928453E00E6BEA5 /* ViewController.swift in Sources */ = {isa = PBXBuildFile; fileRef = 808EBDDE2928453E00E6BEA5 /* ViewController.swift */; };
		808EBDE22928453E00E6BEA5 /* Main.storyboard in Resources */ = {isa = PBXBuildFile; fileRef = 808EBDE02928453E00E6BEA5 /* Main.storyboard */; };
		808EBDE42928454000E6BEA5 /* Assets.xcassets in Resources */ = {isa = PBXBuildFile; fileRef = 808EBDE32928454000E6BEA5 /* Assets.xcassets */; };
		808EBDE72928454000E6BEA5 /* LaunchScreen.storyboard in Resources */ = {isa = PBXBuildFile; fileRef = 808EBDE52928454000E6BEA5 /* LaunchScreen.storyboard */; };
		808EBDF22928454000E6BEA5 /* KCLHackAppTests.swift in Sources */ = {isa = PBXBuildFile; fileRef = 808EBDF12928454000E6BEA5 /* KCLHackAppTests.swift */; };
		808EBDFC2928454000E6BEA5 /* KCLHackAppUITests.swift in Sources */ = {isa = PBXBuildFile; fileRef = 808EBDFB2928454000E6BEA5 /* KCLHackAppUITests.swift */; };
		808EBDFE2928454000E6BEA5 /* KCLHackAppUITestsLaunchTests.swift in Sources */ = {isa = PBXBuildFile; fileRef = 808EBDFD2928454000E6BEA5 /* KCLHackAppUITestsLaunchTests.swift */; };
		808EBE0B2928D8FE00E6BEA5 /* ChatViewController.swift in Sources */ = {isa = PBXBuildFile; fileRef = 808EBE0A2928D8FE00E6BEA5 /* ChatViewController.swift */; };
/* End PBXBuildFile section */

/* Begin PBXContainerItemProxy section */
		808EBDEE2928454000E6BEA5 /* PBXContainerItemProxy */ = {
			isa = PBXContainerItemProxy;
			containerPortal = 808EBDCF2928453D00E6BEA5 /* Project object */;
			proxyType = 1;
			remoteGlobalIDString = 808EBDD62928453E00E6BEA5;
			remoteInfo = KCLHackApp;
		};
		808EBDF82928454000E6BEA5 /* PBXContainerItemProxy */ = {
			isa = PBXContainerItemProxy;
			containerPortal = 808EBDCF2928453D00E6BEA5 /* Project object */;
			proxyType = 1;
			remoteGlobalIDString = 808EBDD62928453E00E6BEA5;
			remoteInfo = KCLHackApp;
		};
/* End PBXContainerItemProxy section */

/* Begin PBXFileReference section */
		808EBDD72928453E00E6BEA5 /* KCLHackApp.app */ = {isa = PBXFileReference; explicitFileType = wrapper.application; includeInIndex = 0; path = KCLHackApp.app; sourceTree = BUILT_PRODUCTS_DIR; };
		808EBDDA2928453E00E6BEA5 /* AppDelegate.swift */ = {isa = PBXFileReference; lastKnownFileType = sourcecode.swift; path = AppDelegate.swift; sourceTree = "<group>"; };
		808EBDDC2928453E00E6BEA5 /* SceneDelegate.swift */ = {isa = PBXFileReference; lastKnownFileType = sourcecode.swift; path = SceneDelegate.swift; sourceTree = "<group>"; };
		808EBDDE2928453E00E6BEA5 /* ViewController.swift */ = {isa = PBXFileReference; lastKnownFileType = sourcecode.swift; path = ViewController.swift; sourceTree = "<group>"; };
		808EBDE12928453E00E6BEA5 /* Base */ = {isa = PBXFileReference; lastKnownFileType = file.storyboard; name = Base; path = Base.lproj/Main.storyboard; sourceTree = "<group>"; };
		808EBDE32928454000E6BEA5 /* Assets.xcassets */ = {isa = PBXFileReference; lastKnownFileType = folder.assetcatalog; path = Assets.xcassets; sourceTree = "<group>"; };
		808EBDE62928454000E6BEA5 /* Base */ = {isa = PBXFileReference; lastKnownFileType = file.storyboard; name = Base; path = Base.lproj/LaunchScreen.storyboard; sourceTree = "<group>"; };
		808EBDE82928454000E6BEA5 /* Info.plist */ = {isa = PBXFileReference; lastKnownFileType = text.plist.xml; path = Info.plist; sourceTree = "<group>"; };
		808EBDED2928454000E6BEA5 /* KCLHackAppTests.xctest */ = {isa = PBXFileReference; explicitFileType = wrapper.cfbundle; includeInIndex = 0; path = KCLHackAppTests.xctest; sourceTree = BUILT_PRODUCTS_DIR; };
		808EBDF12928454000E6BEA5 /* KCLHackAppTests.swift */ = {isa = PBXFileReference; lastKnownFileType = sourcecode.swift; path = KCLHackAppTests.swift; sourceTree = "<group>"; };
		808EBDF72928454000E6BEA5 /* KCLHackAppUITests.xctest */ = {isa = PBXFileReference; explicitFileType = wrapper.cfbundle; includeInIndex = 0; path = KCLHackAppUITests.xctest; sourceTree = BUILT_PRODUCTS_DIR; };
		808EBDFB2928454000E6BEA5 /* KCLHackAppUITests.swift */ = {isa = PBXFileReference; lastKnownFileType = sourcecode.swift; path = KCLHackAppUITests.swift; sourceTree = "<group>"; };
		808EBDFD2928454000E6BEA5 /* KCLHackAppUITestsLaunchTests.swift */ = {isa = PBXFileReference; lastKnownFileType = sourcecode.swift; path = KCLHackAppUITestsLaunchTests.swift; sourceTree = "<group>"; };
		808EBE0A2928D8FE00E6BEA5 /* ChatViewController.swift */ = {isa = PBXFileReference; lastKnownFileType = sourcecode.swift; path = ChatViewController.swift; sourceTree = "<group>"; };
/* End PBXFileReference section */

/* Begin PBXFrameworksBuildPhase section */
		808EBDD42928453E00E6BEA5 /* Frameworks */ = {
			isa = PBXFrameworksBuildPhase;
			buildActionMask = 2147483647;
			files = (
			);
			runOnlyForDeploymentPostprocessing = 0;
		};
		808EBDEA2928454000E6BEA5 /* Frameworks */ = {
			isa = PBXFrameworksBuildPhase;
			buildActionMask = 2147483647;
			files = (
			);
			runOnlyForDeploymentPostprocessing = 0;
		};
		808EBDF42928454000E6BEA5 /* Frameworks */ = {
			isa = PBXFrameworksBuildPhase;
			buildActionMask = 2147483647;
			files = (
			);
			runOnlyForDeploymentPostprocessing = 0;
		};
/* End PBXFrameworksBuildPhase section */

/* Begin PBXGroup section */
		808EBDCE2928453D00E6BEA5 = {
			isa = PBXGroup;
			children = (
				808EBDD92928453E00E6BEA5 /* KCLHackApp */,
				808EBDF02928454000E6BEA5 /* KCLHackAppTests */,
				808EBDFA2928454000E6BEA5 /* KCLHackAppUITests */,
				808EBDD82928453E00E6BEA5 /* Products */,
			);
			sourceTree = "<group>";
		};
		808EBDD82928453E00E6BEA5 /* Products */ = {
			isa = PBXGroup;
			children = (
				808EBDD72928453E00E6BEA5 /* KCLHackApp.app */,
				808EBDED2928454000E6BEA5 /* KCLHackAppTests.xctest */,
				808EBDF72928454000E6BEA5 /* KCLHackAppUITests.xctest */,
			);
			name = Products;
			sourceTree = "<group>";
		};
		808EBDD92928453E00E6BEA5 /* KCLHackApp */ = {
			isa = PBXGroup;
			children = (
				808EBE0C2928D91000E6BEA5 /* Core */,
				808EBDE82928454000E6BEA5 /* Info.plist */,
				808EBE0A2928D8FE00E6BEA5 /* ChatViewController.swift */,
			);
			path = KCLHackApp;
			sourceTree = "<group>";
		};
		808EBDF02928454000E6BEA5 /* KCLHackAppTests */ = {
			isa = PBXGroup;
			children = (
				808EBDF12928454000E6BEA5 /* KCLHackAppTests.swift */,
			);
			path = KCLHackAppTests;
			sourceTree = "<group>";
		};
		808EBDFA2928454000E6BEA5 /* KCLHackAppUITests */ = {
			isa = PBXGroup;
			children = (
				808EBDFB2928454000E6BEA5 /* KCLHackAppUITests.swift */,
				808EBDFD2928454000E6BEA5 /* KCLHackAppUITestsLaunchTests.swift */,
			);
			path = KCLHackAppUITests;
			sourceTree = "<group>";
		};
		808EBE0C2928D91000E6BEA5 /* Core */ = {
			isa = PBXGroup;
			children = (
				808EBDDA2928453E00E6BEA5 /* AppDelegate.swift */,
				808EBDDC2928453E00E6BEA5 /* SceneDelegate.swift */,
				808EBDDE2928453E00E6BEA5 /* ViewController.swift */,
				808EBDE02928453E00E6BEA5 /* Main.storyboard */,
				808EBDE32928454000E6BEA5 /* Assets.xcassets */,
				808EBDE52928454000E6BEA5 /* LaunchScreen.storyboard */,
			);
			path = Core;
			sourceTree = "<group>";
		};
/* End PBXGroup section */

/* Begin PBXNativeTarget section */
		808EBDD62928453E00E6BEA5 /* KCLHackApp */ = {
			isa = PBXNativeTarget;
			buildConfigurationList = 808EBE012928454000E6BEA5 /* Build configuration list for PBXNativeTarget "KCLHackApp" */;
			buildPhases = (
				808EBDD32928453E00E6BEA5 /* Sources */,
				808EBDD42928453E00E6BEA5 /* Frameworks */,
				808EBDD52928453E00E6BEA5 /* Resources */,
			);
			buildRules = (
			);
			dependencies = (
			);
			name = KCLHackApp;
			productName = KCLHackApp;
			productReference = 808EBDD72928453E00E6BEA5 /* KCLHackApp.app */;
			productType = "com.apple.product-type.application";
		};
		808EBDEC2928454000E6BEA5 /* KCLHackAppTests */ = {
			isa = PBXNativeTarget;
			buildConfigurationList = 808EBE042928454000E6BEA5 /* Build configuration list for PBXNativeTarget "KCLHackAppTests" */;
			buildPhases = (
				808EBDE92928454000E6BEA5 /* Sources */,
				808EBDEA2928454000E6BEA5 /* Frameworks */,
				808EBDEB2928454000E6BEA5 /* Resources */,
			);
			buildRules = (
			);
			dependencies = (
				808EBDEF2928454000E6BEA5 /* PBXTargetDependency */,
			);
			name = KCLHackAppTests;
			productName = KCLHackAppTests;
			productReference = 808EBDED2928454000E6BEA5 /* KCLHackAppTests.xctest */;
			productType = "com.apple.product-type.bundle.unit-test";
		};
		808EBDF62928454000E6BEA5 /* KCLHackAppUITests */ = {
			isa = PBXNativeTarget;
			buildConfigurationList = 808EBE072928454000E6BEA5 /* Build configuration list for PBXNativeTarget "KCLHackAppUITests" */;
			buildPhases = (
				808EBDF32928454000E6BEA5 /* Sources */,
				808EBDF42928454000E6BEA5 /* Frameworks */,
				808EBDF52928454000E6BEA5 /* Resources */,
			);
			buildRules = (
			);
			dependencies = (
				808EBDF92928454000E6BEA5 /* PBXTargetDependency */,
			);
			name = KCLHackAppUITests;
			productName = KCLHackAppUITests;
			productReference = 808EBDF72928454000E6BEA5 /* KCLHackAppUITests.xctest */;
			productType = "com.apple.product-type.bundle.ui-testing";
		};
/* End PBXNativeTarget section */

/* Begin PBXProject section */
		808EBDCF2928453D00E6BEA5 /* Project object */ = {
			isa = PBXProject;
			attributes = {
				BuildIndependentTargetsInParallel = 1;
				LastSwiftUpdateCheck = 1410;
				LastUpgradeCheck = 1410;
				TargetAttributes = {
					808EBDD62928453E00E6BEA5 = {
						CreatedOnToolsVersion = 14.1;
					};
					808EBDEC2928454000E6BEA5 = {
						CreatedOnToolsVersion = 14.1;
						TestTargetID = 808EBDD62928453E00E6BEA5;
					};
					808EBDF62928454000E6BEA5 = {
						CreatedOnToolsVersion = 14.1;
						TestTargetID = 808EBDD62928453E00E6BEA5;
					};
				};
			};
			buildConfigurationList = 808EBDD22928453D00E6BEA5 /* Build configuration list for PBXProject "KCLHackApp" */;
			compatibilityVersion = "Xcode 14.0";
			developmentRegion = en;
			hasScannedForEncodings = 0;
			knownRegions = (
				en,
				Base,
			);
			mainGroup = 808EBDCE2928453D00E6BEA5;
			productRefGroup = 808EBDD82928453E00E6BEA5 /* Products */;
			projectDirPath = "";
			projectRoot = "";
			targets = (
				808EBDD62928453E00E6BEA5 /* KCLHackApp */,
				808EBDEC2928454000E6BEA5 /* KCLHackAppTests */,
				808EBDF62928454000E6BEA5 /* KCLHackAppUITests */,
			);
		};
/* End PBXProject section */

/* Begin PBXResourcesBuildPhase section */
		808EBDD52928453E00E6BEA5 /* Resources */ = {
			isa = PBXResourcesBuildPhase;
			buildActionMask = 2147483647;
			files = (
				808EBDE72928454000E6BEA5 /* LaunchScreen.storyboard in Resources */,
				808EBDE42928454000E6BEA5 /* Assets.xcassets in Resources */,
				808EBDE22928453E00E6BEA5 /* Main.storyboard in Resources */,
			);
			runOnlyForDeploymentPostprocessing = 0;
		};
		808EBDEB2928454000E6BEA5 /* Resources */ = {
			isa = PBXResourcesBuildPhase;
			buildActionMask = 2147483647;
			files = (
			);
			runOnlyForDeploymentPostprocessing = 0;
		};
		808EBDF52928454000E6BEA5 /* Resources */ = {
			isa = PBXResourcesBuildPhase;
			buildActionMask = 2147483647;
			files = (
			);
			runOnlyForDeploymentPostprocessing = 0;
		};
/* End PBXResourcesBuildPhase section */

/* Begin PBXSourcesBuildPhase section */
		808EBDD32928453E00E6BEA5 /* Sources */ = {
			isa = PBXSourcesBuildPhase;
			buildActionMask = 2147483647;
			files = (
				808EBDDF2928453E00E6BEA5 /* ViewController.swift in Sources */,
				808EBDDB2928453E00E6BEA5 /* AppDelegate.swift in Sources */,
				808EBE0B2928D8FE00E6BEA5 /* ChatViewController.swift in Sources */,
				808EBDDD2928453E00E6BEA5 /* SceneDelegate.swift in Sources */,
			);
			runOnlyForDeploymentPostprocessing = 0;
		};
		808EBDE92928454000E6BEA5 /* Sources */ = {
			isa = PBXSourcesBuildPhase;
			buildActionMask = 2147483647;
			files = (
				808EBDF22928454000E6BEA5 /* KCLHackAppTests.swift in Sources */,
			);
			runOnlyForDeploymentPostprocessing = 0;
		};
		808EBDF32928454000E6BEA5 /* Sources */ = {
			isa = PBXSourcesBuildPhase;
			buildActionMask = 2147483647;
			files = (
				808EBDFE2928454000E6BEA5 /* KCLHackAppUITestsLaunchTests.swift in Sources */,
				808EBDFC2928454000E6BEA5 /* KCLHackAppUITests.swift in Sources */,
			);
			runOnlyForDeploymentPostprocessing = 0;
		};
/* End PBXSourcesBuildPhase section */

/* Begin PBXTargetDependency section */
		808EBDEF2928454000E6BEA5 /* PBXTargetDependency */ = {
			isa = PBXTargetDependency;
			target = 808EBDD62928453E00E6BEA5 /* KCLHackApp */;
			targetProxy = 808EBDEE2928454000E6BEA5 /* PBXContainerItemProxy */;
		};
		808EBDF92928454000E6BEA5 /* PBXTargetDependency */ = {
			isa = PBXTargetDependency;
			target = 808EBDD62928453E00E6BEA5 /* KCLHackApp */;
			targetProxy = 808EBDF82928454000E6BEA5 /* PBXContainerItemProxy */;
		};
/* End PBXTargetDependency section */

/* Begin PBXVariantGroup section */
		808EBDE02928453E00E6BEA5 /* Main.storyboard */ = {
			isa = PBXVariantGroup;
			children = (
				808EBDE12928453E00E6BEA5 /* Base */,
			);
			name = Main.storyboard;
			sourceTree = "<group>";
		};
		808EBDE52928454000E6BEA5 /* LaunchScreen.storyboard */ = {
			isa = PBXVariantGroup;
			children = (
				808EBDE62928454000E6BEA5 /* Base */,
			);
			name = LaunchScreen.storyboard;
			sourceTree = "<group>";
		};
/* End PBXVariantGroup section */

/* Begin XCBuildConfiguration section */
		808EBDFF2928454000E6BEA5 /* Debug */ = {
			isa = XCBuildConfiguration;
			buildSettings = {
				ALWAYS_SEARCH_USER_PATHS = NO;
				CLANG_ANALYZER_NONNULL = YES;
				CLANG_ANALYZER_NUMBER_OBJECT_CONVERSION = YES_AGGRESSIVE;
				CLANG_CXX_LANGUAGE_STANDARD = "gnu++20";
				CLANG_ENABLE_MODULES = YES;
				CLANG_ENABLE_OBJC_ARC = YES;
				CLANG_ENABLE_OBJC_WEAK = YES;
				CLANG_WARN_BLOCK_CAPTURE_AUTORELEASING = YES;
				CLANG_WARN_BOOL_CONVERSION = YES;
				CLANG_WARN_COMMA = YES;
				CLANG_WARN_CONSTANT_CONVERSION = YES;
				CLANG_WARN_DEPRECATED_OBJC_IMPLEMENTATIONS = YES;
				CLANG_WARN_DIRECT_OBJC_ISA_USAGE = YES_ERROR;
				CLANG_WARN_DOCUMENTATION_COMMENTS = YES;
				CLANG_WARN_EMPTY_BODY = YES;
				CLANG_WARN_ENUM_CONVERSION = YES;
				CLANG_WARN_INFINITE_RECURSION = YES;
				CLANG_WARN_INT_CONVERSION = YES;
				CLANG_WARN_NON_LITERAL_NULL_CONVERSION = YES;
				CLANG_WARN_OBJC_IMPLICIT_RETAIN_SELF = YES;
				CLANG_WARN_OBJC_LITERAL_CONVERSION = YES;
				CLANG_WARN_OBJC_ROOT_CLASS = YES_ERROR;
				CLANG_WARN_QUOTED_INCLUDE_IN_FRAMEWORK_HEADER = YES;
				CLANG_WARN_RANGE_LOOP_ANALYSIS = YES;
				CLANG_WARN_STRICT_PROTOTYPES = YES;
				CLANG_WARN_SUSPICIOUS_MOVE = YES;
				CLANG_WARN_UNGUARDED_AVAILABILITY = YES_AGGRESSIVE;
				CLANG_WARN_UNREACHABLE_CODE = YES;
				CLANG_WARN__DUPLICATE_METHOD_MATCH = YES;
				COPY_PHASE_STRIP = NO;
				DEBUG_INFORMATION_FORMAT = dwarf;
				ENABLE_STRICT_OBJC_MSGSEND = YES;
				ENABLE_TESTABILITY = YES;
				GCC_C_LANGUAGE_STANDARD = gnu11;
				GCC_DYNAMIC_NO_PIC = NO;
				GCC_NO_COMMON_BLOCKS = YES;
				GCC_OPTIMIZATION_LEVEL = 0;
				GCC_PREPROCESSOR_DEFINITIONS = (
					"DEBUG=1",
					"$(inherited)",
				);
				GCC_WARN_64_TO_32_BIT_CONVERSION = YES;
				GCC_WARN_ABOUT_RETURN_TYPE = YES_ERROR;
				GCC_WARN_UNDECLARED_SELECTOR = YES;
				GCC_WARN_UNINITIALIZED_AUTOS = YES_AGGRESSIVE;
				GCC_WARN_UNUSED_FUNCTION = YES;
				GCC_WARN_UNUSED_VARIABLE = YES;
				IPHONEOS_DEPLOYMENT_TARGET = 16.1;
				MTL_ENABLE_DEBUG_INFO = INCLUDE_SOURCE;
				MTL_FAST_MATH = YES;
				ONLY_ACTIVE_ARCH = YES;
				SDKROOT = iphoneos;
				SWIFT_ACTIVE_COMPILATION_CONDITIONS = DEBUG;
				SWIFT_OPTIMIZATION_LEVEL = "-Onone";
			};
			name = Debug;
		};
		808EBE002928454000E6BEA5 /* Release */ = {
			isa = XCBuildConfiguration;
			buildSettings = {
				ALWAYS_SEARCH_USER_PATHS = NO;
				CLANG_ANALYZER_NONNULL = YES;
				CLANG_ANALYZER_NUMBER_OBJECT_CONVERSION = YES_AGGRESSIVE;
				CLANG_CXX_LANGUAGE_STANDARD = "gnu++20";
				CLANG_ENABLE_MODULES = YES;
				CLANG_ENABLE_OBJC_ARC = YES;
				CLANG_ENABLE_OBJC_WEAK = YES;
				CLANG_WARN_BLOCK_CAPTURE_AUTORELEASING = YES;
				CLANG_WARN_BOOL_CONVERSION = YES;
				CLANG_WARN_COMMA = YES;
				CLANG_WARN_CONSTANT_CONVERSION = YES;
				CLANG_WARN_DEPRECATED_OBJC_IMPLEMENTATIONS = YES;
				CLANG_WARN_DIRECT_OBJC_ISA_USAGE = YES_ERROR;
				CLANG_WARN_DOCUMENTATION_COMMENTS = YES;
				CLANG_WARN_EMPTY_BODY = YES;
				CLANG_WARN_ENUM_CONVERSION = YES;
				CLANG_WARN_INFINITE_RECURSION = YES;
				CLANG_WARN_INT_CONVERSION = YES;
				CLANG_WARN_NON_LITERAL_NULL_CONVERSION = YES;
				CLANG_WARN_OBJC_IMPLICIT_RETAIN_SELF = YES;
				CLANG_WARN_OBJC_LITERAL_CONVERSION = YES;
				CLANG_WARN_OBJC_ROOT_CLASS = YES_ERROR;
				CLANG_WARN_QUOTED_INCLUDE_IN_FRAMEWORK_HEADER = YES;
				CLANG_WARN_RANGE_LOOP_ANALYSIS = YES;
				CLANG_WARN_STRICT_PROTOTYPES = YES;
				CLANG_WARN_SUSPICIOUS_MOVE = YES;
				CLANG_WARN_UNGUARDED_AVAILABILITY = YES_AGGRESSIVE;
				CLANG_WARN_UNREACHABLE_CODE = YES;
				CLANG_WARN__DUPLICATE_METHOD_MATCH = YES;
				COPY_PHASE_STRIP = NO;
				DEBUG_INFORMATION_FORMAT = "dwarf-with-dsym";
				ENABLE_NS_ASSERTIONS = NO;
				ENABLE_STRICT_OBJC_MSGSEND = YES;
				GCC_C_LANGUAGE_STANDARD = gnu11;
				GCC_NO_COMMON_BLOCKS = YES;
				GCC_WARN_64_TO_32_BIT_CONVERSION = YES;
				GCC_WARN_ABOUT_RETURN_TYPE = YES_ERROR;
				GCC_WARN_UNDECLARED_SELECTOR = YES;
				GCC_WARN_UNINITIALIZED_AUTOS = YES_AGGRESSIVE;
				GCC_WARN_UNUSED_FUNCTION = YES;
				GCC_WARN_UNUSED_VARIABLE = YES;
				IPHONEOS_DEPLOYMENT_TARGET = 16.1;
				MTL_ENABLE_DEBUG_INFO = NO;
				MTL_FAST_MATH = YES;
				SDKROOT = iphoneos;
				SWIFT_COMPILATION_MODE = wholemodule;
				SWIFT_OPTIMIZATION_LEVEL = "-O";
				VALIDATE_PRODUCT = YES;
			};
			name = Release;
		};
		808EBE022928454000E6BEA5 /* Debug */ = {
			isa = XCBuildConfiguration;
			buildSettings = {
				ASSETCATALOG_COMPILER_APPICON_NAME = AppIcon;
				ASSETCATALOG_COMPILER_GLOBAL_ACCENT_COLOR_NAME = AccentColor;
				CODE_SIGN_STYLE = Automatic;
				CURRENT_PROJECT_VERSION = 1;
				DEVELOPMENT_TEAM = UEA5XWCYV3;
				GENERATE_INFOPLIST_FILE = YES;
				INFOPLIST_FILE = KCLHackApp/Info.plist;
				INFOPLIST_KEY_UIApplicationSupportsIndirectInputEvents = YES;
				INFOPLIST_KEY_UILaunchStoryboardName = LaunchScreen;
				INFOPLIST_KEY_UIMainStoryboardFile = Main;
				INFOPLIST_KEY_UISupportedInterfaceOrientations_iPad = "UIInterfaceOrientationPortrait UIInterfaceOrientationPortraitUpsideDown UIInterfaceOrientationLandscapeLeft UIInterfaceOrientationLandscapeRight";
				INFOPLIST_KEY_UISupportedInterfaceOrientations_iPhone = "UIInterfaceOrientationPortrait UIInterfaceOrientationLandscapeLeft UIInterfaceOrientationLandscapeRight";
				LD_RUNPATH_SEARCH_PATHS = (
					"$(inherited)",
					"@executable_path/Frameworks",
				);
				MARKETING_VERSION = 1.0;
				PRODUCT_BUNDLE_IDENTIFIER = com.christian.KCLHackApp;
				PRODUCT_NAME = "$(TARGET_NAME)";
				SWIFT_EMIT_LOC_STRINGS = YES;
				SWIFT_VERSION = 5.0;
				TARGETED_DEVICE_FAMILY = "1,2";
			};
			name = Debug;
		};
		808EBE032928454000E6BEA5 /* Release */ = {
			isa = XCBuildConfiguration;
			buildSettings = {
				ASSETCATALOG_COMPILER_APPICON_NAME = AppIcon;
				ASSETCATALOG_COMPILER_GLOBAL_ACCENT_COLOR_NAME = AccentColor;
				CODE_SIGN_STYLE = Automatic;
				CURRENT_PROJECT_VERSION = 1;
				DEVELOPMENT_TEAM = UEA5XWCYV3;
				GENERATE_INFOPLIST_FILE = YES;
				INFOPLIST_FILE = KCLHackApp/Info.plist;
				INFOPLIST_KEY_UIApplicationSupportsIndirectInputEvents = YES;
				INFOPLIST_KEY_UILaunchStoryboardName = LaunchScreen;
				INFOPLIST_KEY_UIMainStoryboardFile = Main;
				INFOPLIST_KEY_UISupportedInterfaceOrientations_iPad = "UIInterfaceOrientationPortrait UIInterfaceOrientationPortraitUpsideDown UIInterfaceOrientationLandscapeLeft UIInterfaceOrientationLandscapeRight";
				INFOPLIST_KEY_UISupportedInterfaceOrientations_iPhone = "UIInterfaceOrientationPortrait UIInterfaceOrientationLandscapeLeft UIInterfaceOrientationLandscapeRight";
				LD_RUNPATH_SEARCH_PATHS = (
					"$(inherited)",
					"@executable_path/Frameworks",
				);
				MARKETING_VERSION = 1.0;
				PRODUCT_BUNDLE_IDENTIFIER = com.christian.KCLHackApp;
				PRODUCT_NAME = "$(TARGET_NAME)";
				SWIFT_EMIT_LOC_STRINGS = YES;
				SWIFT_VERSION = 5.0;
				TARGETED_DEVICE_FAMILY = "1,2";
			};
			name = Release;
		};
		808EBE052928454000E6BEA5 /* Debug */ = {
			isa = XCBuildConfiguration;
			buildSettings = {
				ALWAYS_EMBED_SWIFT_STANDARD_LIBRARIES = YES;
				BUNDLE_LOADER = "$(TEST_HOST)";
				CODE_SIGN_STYLE = Automatic;
				CURRENT_PROJECT_VERSION = 1;
				DEVELOPMENT_TEAM = UEA5XWCYV3;
				GENERATE_INFOPLIST_FILE = YES;
				IPHONEOS_DEPLOYMENT_TARGET = 16.1;
				MARKETING_VERSION = 1.0;
				PRODUCT_BUNDLE_IDENTIFIER = com.christian.KCLHackAppTests;
				PRODUCT_NAME = "$(TARGET_NAME)";
				SWIFT_EMIT_LOC_STRINGS = NO;
				SWIFT_VERSION = 5.0;
				TARGETED_DEVICE_FAMILY = "1,2";
				TEST_HOST = "$(BUILT_PRODUCTS_DIR)/KCLHackApp.app/$(BUNDLE_EXECUTABLE_FOLDER_PATH)/KCLHackApp";
			};
			name = Debug;
		};
		808EBE062928454000E6BEA5 /* Release */ = {
			isa = XCBuildConfiguration;
			buildSettings = {
				ALWAYS_EMBED_SWIFT_STANDARD_LIBRARIES = YES;
				BUNDLE_LOADER = "$(TEST_HOST)";
				CODE_SIGN_STYLE = Automatic;
				CURRENT_PROJECT_VERSION = 1;
				DEVELOPMENT_TEAM = UEA5XWCYV3;
				GENERATE_INFOPLIST_FILE = YES;
				IPHONEOS_DEPLOYMENT_TARGET = 16.1;
				MARKETING_VERSION = 1.0;
				PRODUCT_BUNDLE_IDENTIFIER = com.christian.KCLHackAppTests;
				PRODUCT_NAME = "$(TARGET_NAME)";
				SWIFT_EMIT_LOC_STRINGS = NO;
				SWIFT_VERSION = 5.0;
				TARGETED_DEVICE_FAMILY = "1,2";
				TEST_HOST = "$(BUILT_PRODUCTS_DIR)/KCLHackApp.app/$(BUNDLE_EXECUTABLE_FOLDER_PATH)/KCLHackApp";
			};
			name = Release;
		};
		808EBE082928454000E6BEA5 /* Debug */ = {
			isa = XCBuildConfiguration;
			buildSettings = {
				ALWAYS_EMBED_SWIFT_STANDARD_LIBRARIES = YES;
				CODE_SIGN_STYLE = Automatic;
				CURRENT_PROJECT_VERSION = 1;
				DEVELOPMENT_TEAM = UEA5XWCYV3;
				GENERATE_INFOPLIST_FILE = YES;
				MARKETING_VERSION = 1.0;
				PRODUCT_BUNDLE_IDENTIFIER = com.christian.KCLHackAppUITests;
				PRODUCT_NAME = "$(TARGET_NAME)";
				SWIFT_EMIT_LOC_STRINGS = NO;
				SWIFT_VERSION = 5.0;
				TARGETED_DEVICE_FAMILY = "1,2";
				TEST_TARGET_NAME = KCLHackApp;
			};
			name = Debug;
		};
		808EBE092928454000E6BEA5 /* Release */ = {
			isa = XCBuildConfiguration;
			buildSettings = {
				ALWAYS_EMBED_SWIFT_STANDARD_LIBRARIES = YES;
				CODE_SIGN_STYLE = Automatic;
				CURRENT_PROJECT_VERSION = 1;
				DEVELOPMENT_TEAM = UEA5XWCYV3;
				GENERATE_INFOPLIST_FILE = YES;
				MARKETING_VERSION = 1.0;
				PRODUCT_BUNDLE_IDENTIFIER = com.christian.KCLHackAppUITests;
				PRODUCT_NAME = "$(TARGET_NAME)";
				SWIFT_EMIT_LOC_STRINGS = NO;
				SWIFT_VERSION = 5.0;
				TARGETED_DEVICE_FAMILY = "1,2";
				TEST_TARGET_NAME = KCLHackApp;
			};
			name = Release;
		};
/* End XCBuildConfiguration section */

/* Begin XCConfigurationList section */
		808EBDD22928453D00E6BEA5 /* Build configuration list for PBXProject "KCLHackApp" */ = {
			isa = XCConfigurationList;
			buildConfigurations = (
				808EBDFF2928454000E6BEA5 /* Debug */,
				808EBE002928454000E6BEA5 /* Release */,
			);
			defaultConfigurationIsVisible = 0;
			defaultConfigurationName = Release;
		};
		808EBE012928454000E6BEA5 /* Build configuration list for PBXNativeTarget "KCLHackApp" */ = {
			isa = XCConfigurationList;
			buildConfigurations = (
				808EBE022928454000E6BEA5 /* Debug */,
				808EBE032928454000E6BEA5 /* Release */,
			);
			defaultConfigurationIsVisible = 0;
			defaultConfigurationName = Release;
		};
		808EBE042928454000E6BEA5 /* Build configuration list for PBXNativeTarget "KCLHackAppTests" */ = {
			isa = XCConfigurationList;
			buildConfigurations = (
				808EBE052928454000E6BEA5 /* Debug */,
				808EBE062928454000E6BEA5 /* Release */,
			);
			defaultConfigurationIsVisible = 0;
			defaultConfigurationName = Release;
		};
		808EBE072928454000E6BEA5 /* Build configuration list for PBXNativeTarget "KCLHackAppUITests" */ = {
			isa = XCConfigurationList;
			buildConfigurations = (
				808EBE082928454000E6BEA5 /* Debug */,
				808EBE092928454000E6BEA5 /* Release */,
			);
			defaultConfigurationIsVisible = 0;
			defaultConfigurationName = Release;
		};
/* End XCConfigurationList section */
	};
	rootObject = 808EBDCF2928453D00E6BEA5 /* Project object */;
}
