// !$*UTF8*$!
{
	archiveVersion = 1;
	classes = {
	};
	objectVersion = 56;
	objects = {

/* Begin PBXBuildFile section */
		808EBDDB2928453E00E6BEA5 /* AppDelegate.swift in Sources */ = {isa = PBXBuildFile; fileRef = 808EBDDA2928453E00E6BEA5 /* AppDelegate.swift */; };
		808EBDDD2928453E00E6BEA5 /* SceneDelegate.swift in Sources */ = {isa = PBXBuildFile; fileRef = 808EBDDC2928453E00E6BEA5 /* SceneDelegate.swift */; };
		808EBDDF2928453E00E6BEA5 /* ViewController.swift in Sources */ = {isa = PBXBuildFile; fileRef = 808EBDDE2928453E00E6BEA5 /* ViewController.swift */; };
		808EBDE22928453E00E6BEA5 /* Main.storyboard in Resources */ = {isa = PBXBuildFile; fileRef = 808EBDE02928453E00E6BEA5 /* Main.storyboard */; };
		808EBDE42928454000E6BEA5 /* Assets.xcassets in Resources */ = {isa = PBXBuildFile; fileRef = 808EBDE32928454000E6BEA5 /* Assets.xcassets */; };
		808EBDE72928454000E6BEA5 /* LaunchScreen.storyboard in Resources */ = {isa = PBXBuildFile; fileRef = 808EBDE52928454000E6BEA5 /* LaunchScreen.storyboard */; };
		808EBDF22928454000E6BEA5 /* KCLHackAppTests.swift in Sources */ = {isa = PBXBuildFile; fileRef = 808EBDF12928454000E6BEA5 /* KCLHackAppTests.swift */; };
		808EBDFC2928454000E6BEA5 /* KCLHackAppUITests.swift in Sources */ = {isa = PBXBuildFile; fileRef = 808EBDFB2928454000E6BEA5 /* KCLHackAppUITests.swift */; };
		808EBDFE2928454000E6BEA5 /* KCLHackAppUITestsLaunchTests.swift in Sources */ = {isa = PBXBuildFile; fileRef = 808EBDFD2928454000E6BEA5 /* KCLHackAppUITestsLaunchTests.swift */; };
		808EBE1F2928DBDA00E6BEA5 /* QuizViewController.swift in Sources */ = {isa = PBXBuildFile; fileRef = 808EBE1E2928DBDA00E6BEA5 /* QuizViewController.swift */; };
		808EBE222928DC6300E6BEA5 /* QuizCell.swift in Sources */ = {isa = PBXBuildFile; fileRef = 808EBE212928DC6300E6BEA5 /* QuizCell.swift */; };
		808EBE242928DCF400E6BEA5 /* QuestionStruct.swift in Sources */ = {isa = PBXBuildFile; fileRef = 808EBE232928DCF400E6BEA5 /* QuestionStruct.swift */; };
		808EBE262928E1F400E6BEA5 /* MultipleChoiceButtons.swift in Sources */ = {isa = PBXBuildFile; fileRef = 808EBE252928E1F400E6BEA5 /* MultipleChoiceButtons.swift */; };
		808EBE282928E25800E6BEA5 /* ChoiceButton.swift in Sources */ = {isa = PBXBuildFile; fileRef = 808EBE272928E25800E6BEA5 /* ChoiceButton.swift */; };
		808EBE2A2928E62000E6BEA5 /* ChoiceStruct.swift in Sources */ = {isa = PBXBuildFile; fileRef = 808EBE292928E62000E6BEA5 /* ChoiceStruct.swift */; };
		808EBE2C2928EB5000E6BEA5 /* TrueOrFalseButtonView.swift in Sources */ = {isa = PBXBuildFile; fileRef = 808EBE2B2928EB4F00E6BEA5 /* TrueOrFalseButtonView.swift */; };
		808EBE2E2928F47E00E6BEA5 /* WhiteBottomButton.swift in Sources */ = {isa = PBXBuildFile; fileRef = 808EBE2D2928F47E00E6BEA5 /* WhiteBottomButton.swift */; };
		808EBE312928F84000E6BEA5 /* ProgressView.swift in Sources */ = {isa = PBXBuildFile; fileRef = 808EBE302928F84000E6BEA5 /* ProgressView.swift */; };
		808EBE342928F8A900E6BEA5 /* ProgressBar.swift in Sources */ = {isa = PBXBuildFile; fileRef = 808EBE332928F8A900E6BEA5 /* ProgressBar.swift */; };
		808EBE3729290AE100E6BEA5 /* SPConfetti in Frameworks */ = {isa = PBXBuildFile; productRef = 808EBE3629290AE100E6BEA5 /* SPConfetti */; };
		808EBE39292914AD00E6BEA5 /* SliderView.swift in Sources */ = {isa = PBXBuildFile; fileRef = 808EBE38292914AD00E6BEA5 /* SliderView.swift */; };
		808EBE3B29291CCC00E6BEA5 /* SummaryViewController.swift in Sources */ = {isa = PBXBuildFile; fileRef = 808EBE3A29291CCC00E6BEA5 /* SummaryViewController.swift */; };
		808EBE3D29291CF900E6BEA5 /* AnsweredQuestions.swift in Sources */ = {isa = PBXBuildFile; fileRef = 808EBE3C29291CF900E6BEA5 /* AnsweredQuestions.swift */; };
		808EBE3F2929228600E6BEA5 /* SummaryCell.swift in Sources */ = {isa = PBXBuildFile; fileRef = 808EBE3E2929228600E6BEA5 /* SummaryCell.swift */; };
		808EBE4729292FAF00E6BEA5 /* UIView+Ext.swift in Sources */ = {isa = PBXBuildFile; fileRef = 808EBE4029292FAE00E6BEA5 /* UIView+Ext.swift */; };
		808EBE4829292FAF00E6BEA5 /* UICollectionView+Ext.swift in Sources */ = {isa = PBXBuildFile; fileRef = 808EBE4129292FAE00E6BEA5 /* UICollectionView+Ext.swift */; };
		808EBE4929292FAF00E6BEA5 /* UITableView+Ext.swift in Sources */ = {isa = PBXBuildFile; fileRef = 808EBE4229292FAE00E6BEA5 /* UITableView+Ext.swift */; };
		808EBE4A29292FAF00E6BEA5 /* UILabel+Ext.swift in Sources */ = {isa = PBXBuildFile; fileRef = 808EBE4329292FAE00E6BEA5 /* UILabel+Ext.swift */; };
		808EBE4B29292FAF00E6BEA5 /* UIButton+Ext.swift in Sources */ = {isa = PBXBuildFile; fileRef = 808EBE4429292FAE00E6BEA5 /* UIButton+Ext.swift */; };
		808EBE4C29292FAF00E6BEA5 /* UISearchTextField+Ext.swift in Sources */ = {isa = PBXBuildFile; fileRef = 808EBE4529292FAF00E6BEA5 /* UISearchTextField+Ext.swift */; };
		808EBE4D29292FAF00E6BEA5 /* UIColor+Ext.swift in Sources */ = {isa = PBXBuildFile; fileRef = 808EBE4629292FAF00E6BEA5 /* UIColor+Ext.swift */; };
		808EBE582929327C00E6BEA5 /* FriendsCell.swift in Sources */ = {isa = PBXBuildFile; fileRef = 808EBE512929327B00E6BEA5 /* FriendsCell.swift */; };
		808EBE592929327C00E6BEA5 /* ChatViewController.swift in Sources */ = {isa = PBXBuildFile; fileRef = 808EBE522929327B00E6BEA5 /* ChatViewController.swift */; };
		808EBE5A2929327C00E6BEA5 /* GroupsCell.swift in Sources */ = {isa = PBXBuildFile; fileRef = 808EBE532929327C00E6BEA5 /* GroupsCell.swift */; };
		808EBE5B2929327C00E6BEA5 /* PotViewController.swift in Sources */ = {isa = PBXBuildFile; fileRef = 808EBE542929327C00E6BEA5 /* PotViewController.swift */; };
		808EBE5C2929327C00E6BEA5 /* FriendStruct.swift in Sources */ = {isa = PBXBuildFile; fileRef = 808EBE552929327C00E6BEA5 /* FriendStruct.swift */; };
		808EBE5D2929327C00E6BEA5 /* GroupStruct.swift in Sources */ = {isa = PBXBuildFile; fileRef = 808EBE562929327C00E6BEA5 /* GroupStruct.swift */; };
		808EBE5E2929327C00E6BEA5 /* PotView.swift in Sources */ = {isa = PBXBuildFile; fileRef = 808EBE572929327C00E6BEA5 /* PotView.swift */; };
		808EBE61292934AD00E6BEA5 /* TabBarController.swift in Sources */ = {isa = PBXBuildFile; fileRef = 808EBE60292934AD00E6BEA5 /* TabBarController.swift */; };
		808EBE632929357700E6BEA5 /* TrendsVC.swift in Sources */ = {isa = PBXBuildFile; fileRef = 808EBE622929357700E6BEA5 /* TrendsVC.swift */; };
		808EBE6829293E3C00E6BEA5 /* AddBudgetView.swift in Sources */ = {isa = PBXBuildFile; fileRef = 808EBE6729293E3C00E6BEA5 /* AddBudgetView.swift */; };
		808EBE7229295A2B00E6BEA5 /* GrayButton.swift in Sources */ = {isa = PBXBuildFile; fileRef = 808EBE6B29295A2900E6BEA5 /* GrayButton.swift */; };
		808EBE7329295A2B00E6BEA5 /* HomeViewController.swift in Sources */ = {isa = PBXBuildFile; fileRef = 808EBE6C29295A2900E6BEA5 /* HomeViewController.swift */; };
		808EBE7429295A2B00E6BEA5 /* GrayButtonsView.swift in Sources */ = {isa = PBXBuildFile; fileRef = 808EBE6D29295A2A00E6BEA5 /* GrayButtonsView.swift */; };
		808EBE7529295A2B00E6BEA5 /* PurchasesCell.swift in Sources */ = {isa = PBXBuildFile; fileRef = 808EBE6E29295A2A00E6BEA5 /* PurchasesCell.swift */; };
		808EBE7629295A2B00E6BEA5 /* PurchaseStruct.swift in Sources */ = {isa = PBXBuildFile; fileRef = 808EBE6F29295A2A00E6BEA5 /* PurchaseStruct.swift */; };
		808EBE7729295A2B00E6BEA5 /* TopBarView.swift in Sources */ = {isa = PBXBuildFile; fileRef = 808EBE7029295A2A00E6BEA5 /* TopBarView.swift */; };
		808EBE7829295A2B00E6BEA5 /* GreyButtonTextView.swift in Sources */ = {isa = PBXBuildFile; fileRef = 808EBE7129295A2B00E6BEA5 /* GreyButtonTextView.swift */; };
/* End PBXBuildFile section */

/* Begin PBXContainerItemProxy section */
		808EBDEE2928454000E6BEA5 /* PBXContainerItemProxy */ = {
			isa = PBXContainerItemProxy;
			containerPortal = 808EBDCF2928453D00E6BEA5 /* Project object */;
			proxyType = 1;
			remoteGlobalIDString = 808EBDD62928453E00E6BEA5;
			remoteInfo = KCLHackApp;
		};
		808EBDF82928454000E6BEA5 /* PBXContainerItemProxy */ = {
			isa = PBXContainerItemProxy;
			containerPortal = 808EBDCF2928453D00E6BEA5 /* Project object */;
			proxyType = 1;
			remoteGlobalIDString = 808EBDD62928453E00E6BEA5;
			remoteInfo = KCLHackApp;
		};
/* End PBXContainerItemProxy section */

/* Begin PBXFileReference section */
		808EBDD72928453E00E6BEA5 /* KCLHackApp.app */ = {isa = PBXFileReference; explicitFileType = wrapper.application; includeInIndex = 0; path = KCLHackApp.app; sourceTree = BUILT_PRODUCTS_DIR; };
		808EBDDA2928453E00E6BEA5 /* AppDelegate.swift */ = {isa = PBXFileReference; lastKnownFileType = sourcecode.swift; path = AppDelegate.swift; sourceTree = "<group>"; };
		808EBDDC2928453E00E6BEA5 /* SceneDelegate.swift */ = {isa = PBXFileReference; lastKnownFileType = sourcecode.swift; path = SceneDelegate.swift; sourceTree = "<group>"; };
		808EBDDE2928453E00E6BEA5 /* ViewController.swift */ = {isa = PBXFileReference; lastKnownFileType = sourcecode.swift; path = ViewController.swift; sourceTree = "<group>"; };
		808EBDE12928453E00E6BEA5 /* Base */ = {isa = PBXFileReference; lastKnownFileType = file.storyboard; name = Base; path = Base.lproj/Main.storyboard; sourceTree = "<group>"; };
		808EBDE32928454000E6BEA5 /* Assets.xcassets */ = {isa = PBXFileReference; lastKnownFileType = folder.assetcatalog; path = Assets.xcassets; sourceTree = "<group>"; };
		808EBDE62928454000E6BEA5 /* Base */ = {isa = PBXFileReference; lastKnownFileType = file.storyboard; name = Base; path = Base.lproj/LaunchScreen.storyboard; sourceTree = "<group>"; };
		808EBDE82928454000E6BEA5 /* Info.plist */ = {isa = PBXFileReference; lastKnownFileType = text.plist.xml; path = Info.plist; sourceTree = "<group>"; };
		808EBDED2928454000E6BEA5 /* KCLHackAppTests.xctest */ = {isa = PBXFileReference; explicitFileType = wrapper.cfbundle; includeInIndex = 0; path = KCLHackAppTests.xctest; sourceTree = BUILT_PRODUCTS_DIR; };
		808EBDF12928454000E6BEA5 /* KCLHackAppTests.swift */ = {isa = PBXFileReference; lastKnownFileType = sourcecode.swift; path = KCLHackAppTests.swift; sourceTree = "<group>"; };
		808EBDF72928454000E6BEA5 /* KCLHackAppUITests.xctest */ = {isa = PBXFileReference; explicitFileType = wrapper.cfbundle; includeInIndex = 0; path = KCLHackAppUITests.xctest; sourceTree = BUILT_PRODUCTS_DIR; };
		808EBDFB2928454000E6BEA5 /* KCLHackAppUITests.swift */ = {isa = PBXFileReference; lastKnownFileType = sourcecode.swift; path = KCLHackAppUITests.swift; sourceTree = "<group>"; };
		808EBDFD2928454000E6BEA5 /* KCLHackAppUITestsLaunchTests.swift */ = {isa = PBXFileReference; lastKnownFileType = sourcecode.swift; path = KCLHackAppUITestsLaunchTests.swift; sourceTree = "<group>"; };
		808EBE1E2928DBDA00E6BEA5 /* QuizViewController.swift */ = {isa = PBXFileReference; lastKnownFileType = sourcecode.swift; path = QuizViewController.swift; sourceTree = "<group>"; };
		808EBE212928DC6300E6BEA5 /* QuizCell.swift */ = {isa = PBXFileReference; lastKnownFileType = sourcecode.swift; path = QuizCell.swift; sourceTree = "<group>"; };
		808EBE232928DCF400E6BEA5 /* QuestionStruct.swift */ = {isa = PBXFileReference; lastKnownFileType = sourcecode.swift; path = QuestionStruct.swift; sourceTree = "<group>"; };
		808EBE252928E1F400E6BEA5 /* MultipleChoiceButtons.swift */ = {isa = PBXFileReference; lastKnownFileType = sourcecode.swift; path = MultipleChoiceButtons.swift; sourceTree = "<group>"; };
		808EBE272928E25800E6BEA5 /* ChoiceButton.swift */ = {isa = PBXFileReference; lastKnownFileType = sourcecode.swift; path = ChoiceButton.swift; sourceTree = "<group>"; };
		808EBE292928E62000E6BEA5 /* ChoiceStruct.swift */ = {isa = PBXFileReference; lastKnownFileType = sourcecode.swift; path = ChoiceStruct.swift; sourceTree = "<group>"; };
		808EBE2B2928EB4F00E6BEA5 /* TrueOrFalseButtonView.swift */ = {isa = PBXFileReference; lastKnownFileType = sourcecode.swift; path = TrueOrFalseButtonView.swift; sourceTree = "<group>"; };
		808EBE2D2928F47E00E6BEA5 /* WhiteBottomButton.swift */ = {isa = PBXFileReference; lastKnownFileType = sourcecode.swift; path = WhiteBottomButton.swift; sourceTree = "<group>"; };
		808EBE302928F84000E6BEA5 /* ProgressView.swift */ = {isa = PBXFileReference; lastKnownFileType = sourcecode.swift; path = ProgressView.swift; sourceTree = "<group>"; };
		808EBE332928F8A900E6BEA5 /* ProgressBar.swift */ = {isa = PBXFileReference; lastKnownFileType = sourcecode.swift; path = ProgressBar.swift; sourceTree = "<group>"; };
		808EBE38292914AD00E6BEA5 /* SliderView.swift */ = {isa = PBXFileReference; lastKnownFileType = sourcecode.swift; path = SliderView.swift; sourceTree = "<group>"; };
		808EBE3A29291CCC00E6BEA5 /* SummaryViewController.swift */ = {isa = PBXFileReference; lastKnownFileType = sourcecode.swift; path = SummaryViewController.swift; sourceTree = "<group>"; };
		808EBE3C29291CF900E6BEA5 /* AnsweredQuestions.swift */ = {isa = PBXFileReference; lastKnownFileType = sourcecode.swift; path = AnsweredQuestions.swift; sourceTree = "<group>"; };
		808EBE3E2929228600E6BEA5 /* SummaryCell.swift */ = {isa = PBXFileReference; lastKnownFileType = sourcecode.swift; path = SummaryCell.swift; sourceTree = "<group>"; };
		808EBE4029292FAE00E6BEA5 /* UIView+Ext.swift */ = {isa = PBXFileReference; fileEncoding = 4; lastKnownFileType = sourcecode.swift; path = "UIView+Ext.swift"; sourceTree = "<group>"; };
		808EBE4129292FAE00E6BEA5 /* UICollectionView+Ext.swift */ = {isa = PBXFileReference; fileEncoding = 4; lastKnownFileType = sourcecode.swift; path = "UICollectionView+Ext.swift"; sourceTree = "<group>"; };
		808EBE4229292FAE00E6BEA5 /* UITableView+Ext.swift */ = {isa = PBXFileReference; fileEncoding = 4; lastKnownFileType = sourcecode.swift; path = "UITableView+Ext.swift"; sourceTree = "<group>"; };
		808EBE4329292FAE00E6BEA5 /* UILabel+Ext.swift */ = {isa = PBXFileReference; fileEncoding = 4; lastKnownFileType = sourcecode.swift; path = "UILabel+Ext.swift"; sourceTree = "<group>"; };
		808EBE4429292FAE00E6BEA5 /* UIButton+Ext.swift */ = {isa = PBXFileReference; fileEncoding = 4; lastKnownFileType = sourcecode.swift; path = "UIButton+Ext.swift"; sourceTree = "<group>"; };
		808EBE4529292FAF00E6BEA5 /* UISearchTextField+Ext.swift */ = {isa = PBXFileReference; fileEncoding = 4; lastKnownFileType = sourcecode.swift; path = "UISearchTextField+Ext.swift"; sourceTree = "<group>"; };
		808EBE4629292FAF00E6BEA5 /* UIColor+Ext.swift */ = {isa = PBXFileReference; fileEncoding = 4; lastKnownFileType = sourcecode.swift; path = "UIColor+Ext.swift"; sourceTree = "<group>"; };
		808EBE512929327B00E6BEA5 /* FriendsCell.swift */ = {isa = PBXFileReference; fileEncoding = 4; lastKnownFileType = sourcecode.swift; path = FriendsCell.swift; sourceTree = "<group>"; };
		808EBE522929327B00E6BEA5 /* ChatViewController.swift */ = {isa = PBXFileReference; fileEncoding = 4; lastKnownFileType = sourcecode.swift; path = ChatViewController.swift; sourceTree = "<group>"; };
		808EBE532929327C00E6BEA5 /* GroupsCell.swift */ = {isa = PBXFileReference; fileEncoding = 4; lastKnownFileType = sourcecode.swift; path = GroupsCell.swift; sourceTree = "<group>"; };
		808EBE542929327C00E6BEA5 /* PotViewController.swift */ = {isa = PBXFileReference; fileEncoding = 4; lastKnownFileType = sourcecode.swift; path = PotViewController.swift; sourceTree = "<group>"; };
		808EBE552929327C00E6BEA5 /* FriendStruct.swift */ = {isa = PBXFileReference; fileEncoding = 4; lastKnownFileType = sourcecode.swift; path = FriendStruct.swift; sourceTree = "<group>"; };
		808EBE562929327C00E6BEA5 /* GroupStruct.swift */ = {isa = PBXFileReference; fileEncoding = 4; lastKnownFileType = sourcecode.swift; path = GroupStruct.swift; sourceTree = "<group>"; };
		808EBE572929327C00E6BEA5 /* PotView.swift */ = {isa = PBXFileReference; fileEncoding = 4; lastKnownFileType = sourcecode.swift; path = PotView.swift; sourceTree = "<group>"; };
		808EBE60292934AD00E6BEA5 /* TabBarController.swift */ = {isa = PBXFileReference; lastKnownFileType = sourcecode.swift; path = TabBarController.swift; sourceTree = "<group>"; };
		808EBE622929357700E6BEA5 /* TrendsVC.swift */ = {isa = PBXFileReference; lastKnownFileType = sourcecode.swift; path = TrendsVC.swift; sourceTree = "<group>"; };
		808EBE6729293E3C00E6BEA5 /* AddBudgetView.swift */ = {isa = PBXFileReference; lastKnownFileType = sourcecode.swift; path = AddBudgetView.swift; sourceTree = "<group>"; };
		808EBE6B29295A2900E6BEA5 /* GrayButton.swift */ = {isa = PBXFileReference; fileEncoding = 4; lastKnownFileType = sourcecode.swift; path = GrayButton.swift; sourceTree = "<group>"; };
		808EBE6C29295A2900E6BEA5 /* HomeViewController.swift */ = {isa = PBXFileReference; fileEncoding = 4; lastKnownFileType = sourcecode.swift; name = HomeViewController.swift; path = "../../../../../Downloads/KCLHackApp 2/KCLHackApp/Home/HomeViewController.swift"; sourceTree = "<group>"; };
		808EBE6D29295A2A00E6BEA5 /* GrayButtonsView.swift */ = {isa = PBXFileReference; fileEncoding = 4; lastKnownFileType = sourcecode.swift; path = GrayButtonsView.swift; sourceTree = "<group>"; };
		808EBE6E29295A2A00E6BEA5 /* PurchasesCell.swift */ = {isa = PBXFileReference; fileEncoding = 4; lastKnownFileType = sourcecode.swift; path = PurchasesCell.swift; sourceTree = "<group>"; };
		808EBE6F29295A2A00E6BEA5 /* PurchaseStruct.swift */ = {isa = PBXFileReference; fileEncoding = 4; lastKnownFileType = sourcecode.swift; path = PurchaseStruct.swift; sourceTree = "<group>"; };
		808EBE7029295A2A00E6BEA5 /* TopBarView.swift */ = {isa = PBXFileReference; fileEncoding = 4; lastKnownFileType = sourcecode.swift; path = TopBarView.swift; sourceTree = "<group>"; };
		808EBE7129295A2B00E6BEA5 /* GreyButtonTextView.swift */ = {isa = PBXFileReference; fileEncoding = 4; lastKnownFileType = sourcecode.swift; path = GreyButtonTextView.swift; sourceTree = "<group>"; };
/* End PBXFileReference section */

/* Begin PBXFrameworksBuildPhase section */
		808EBDD42928453E00E6BEA5 /* Frameworks */ = {
			isa = PBXFrameworksBuildPhase;
			buildActionMask = 2147483647;
			files = (
				808EBE3729290AE100E6BEA5 /* SPConfetti in Frameworks */,
			);
			runOnlyForDeploymentPostprocessing = 0;
		};
		808EBDEA2928454000E6BEA5 /* Frameworks */ = {
			isa = PBXFrameworksBuildPhase;
			buildActionMask = 2147483647;
			files = (
			);
			runOnlyForDeploymentPostprocessing = 0;
		};
		808EBDF42928454000E6BEA5 /* Frameworks */ = {
			isa = PBXFrameworksBuildPhase;
			buildActionMask = 2147483647;
			files = (
			);
			runOnlyForDeploymentPostprocessing = 0;
		};
/* End PBXFrameworksBuildPhase section */

/* Begin PBXGroup section */
		808EBDCE2928453D00E6BEA5 = {
			isa = PBXGroup;
			children = (
				808EBDD92928453E00E6BEA5 /* KCLHackApp */,
				808EBDF02928454000E6BEA5 /* KCLHackAppTests */,
				808EBDFA2928454000E6BEA5 /* KCLHackAppUITests */,
				808EBDD82928453E00E6BEA5 /* Products */,
			);
			sourceTree = "<group>";
		};
		808EBDD82928453E00E6BEA5 /* Products */ = {
			isa = PBXGroup;
			children = (
				808EBDD72928453E00E6BEA5 /* KCLHackApp.app */,
				808EBDED2928454000E6BEA5 /* KCLHackAppTests.xctest */,
				808EBDF72928454000E6BEA5 /* KCLHackAppUITests.xctest */,
			);
			name = Products;
			sourceTree = "<group>";
		};
		808EBDD92928453E00E6BEA5 /* KCLHackApp */ = {
			isa = PBXGroup;
			children = (
				808EBDE82928454000E6BEA5 /* Info.plist */,
				808EBE0C2928D91000E6BEA5 /* Core */,
				808EBE502929326700E6BEA5 /* Groups */,
				808EBE0F2928DAB000E6BEA5 /* Extensions */,
				808EBE202928DC5300E6BEA5 /* Quiz */,
				808EBE622929357700E6BEA5 /* TrendsVC.swift */,
				808EBE64292935BF00E6BEA5 /* Home */,
				808EBE5F2929349600E6BEA5 /* TabBar */,
			);
			path = KCLHackApp;
			sourceTree = "<group>";
		};
		808EBDF02928454000E6BEA5 /* KCLHackAppTests */ = {
			isa = PBXGroup;
			children = (
				808EBDF12928454000E6BEA5 /* KCLHackAppTests.swift */,
			);
			path = KCLHackAppTests;
			sourceTree = "<group>";
		};
		808EBDFA2928454000E6BEA5 /* KCLHackAppUITests */ = {
			isa = PBXGroup;
			children = (
				808EBDFB2928454000E6BEA5 /* KCLHackAppUITests.swift */,
				808EBDFD2928454000E6BEA5 /* KCLHackAppUITestsLaunchTests.swift */,
			);
			path = KCLHackAppUITests;
			sourceTree = "<group>";
		};
		808EBE0C2928D91000E6BEA5 /* Core */ = {
			isa = PBXGroup;
			children = (
				808EBDDA2928453E00E6BEA5 /* AppDelegate.swift */,
				808EBDDC2928453E00E6BEA5 /* SceneDelegate.swift */,
				808EBDDE2928453E00E6BEA5 /* ViewController.swift */,
				808EBDE02928453E00E6BEA5 /* Main.storyboard */,
				808EBDE32928454000E6BEA5 /* Assets.xcassets */,
				808EBDE52928454000E6BEA5 /* LaunchScreen.storyboard */,
			);
			path = Core;
			sourceTree = "<group>";
		};
		808EBE0F2928DAB000E6BEA5 /* Extensions */ = {
			isa = PBXGroup;
			children = (
				808EBE4429292FAE00E6BEA5 /* UIButton+Ext.swift */,
				808EBE4129292FAE00E6BEA5 /* UICollectionView+Ext.swift */,
				808EBE4629292FAF00E6BEA5 /* UIColor+Ext.swift */,
				808EBE4329292FAE00E6BEA5 /* UILabel+Ext.swift */,
				808EBE4529292FAF00E6BEA5 /* UISearchTextField+Ext.swift */,
				808EBE4229292FAE00E6BEA5 /* UITableView+Ext.swift */,
				808EBE4029292FAE00E6BEA5 /* UIView+Ext.swift */,
			);
			path = Extensions;
			sourceTree = "<group>";
		};
		808EBE202928DC5300E6BEA5 /* Quiz */ = {
			isa = PBXGroup;
			children = (
				808EBE1E2928DBDA00E6BEA5 /* QuizViewController.swift */,
				808EBE3A29291CCC00E6BEA5 /* SummaryViewController.swift */,
				808EBE3E2929228600E6BEA5 /* SummaryCell.swift */,
				808EBE3C29291CF900E6BEA5 /* AnsweredQuestions.swift */,
				808EBE2F2928F82F00E6BEA5 /* QuizElements */,
				808EBE2D2928F47E00E6BEA5 /* WhiteBottomButton.swift */,
				808EBE322928F89C00E6BEA5 /* Progress */,
			);
			path = Quiz;
			sourceTree = "<group>";
		};
		808EBE2F2928F82F00E6BEA5 /* QuizElements */ = {
			isa = PBXGroup;
			children = (
				808EBE212928DC6300E6BEA5 /* QuizCell.swift */,
				808EBE252928E1F400E6BEA5 /* MultipleChoiceButtons.swift */,
				808EBE2B2928EB4F00E6BEA5 /* TrueOrFalseButtonView.swift */,
				808EBE38292914AD00E6BEA5 /* SliderView.swift */,
				808EBE272928E25800E6BEA5 /* ChoiceButton.swift */,
				808EBE232928DCF400E6BEA5 /* QuestionStruct.swift */,
				808EBE292928E62000E6BEA5 /* ChoiceStruct.swift */,
				808EBE6729293E3C00E6BEA5 /* AddBudgetView.swift */,
			);
			path = QuizElements;
			sourceTree = "<group>";
		};
		808EBE322928F89C00E6BEA5 /* Progress */ = {
			isa = PBXGroup;
			children = (
				808EBE302928F84000E6BEA5 /* ProgressView.swift */,
				808EBE332928F8A900E6BEA5 /* ProgressBar.swift */,
			);
			path = Progress;
			sourceTree = "<group>";
		};
		808EBE502929326700E6BEA5 /* Groups */ = {
			isa = PBXGroup;
			children = (
				808EBE522929327B00E6BEA5 /* ChatViewController.swift */,
				808EBE512929327B00E6BEA5 /* FriendsCell.swift */,
				808EBE552929327C00E6BEA5 /* FriendStruct.swift */,
				808EBE532929327C00E6BEA5 /* GroupsCell.swift */,
				808EBE562929327C00E6BEA5 /* GroupStruct.swift */,
				808EBE572929327C00E6BEA5 /* PotView.swift */,
				808EBE542929327C00E6BEA5 /* PotViewController.swift */,
			);
			path = Groups;
			sourceTree = "<group>";
		};
		808EBE5F2929349600E6BEA5 /* TabBar */ = {
			isa = PBXGroup;
			children = (
				808EBE60292934AD00E6BEA5 /* TabBarController.swift */,
			);
			path = TabBar;
			sourceTree = "<group>";
		};
		808EBE64292935BF00E6BEA5 /* Home */ = {
			isa = PBXGroup;
			children = (
				808EBE6C29295A2900E6BEA5 /* HomeViewController.swift */,
				808EBE6B29295A2900E6BEA5 /* GrayButton.swift */,
				808EBE6D29295A2A00E6BEA5 /* GrayButtonsView.swift */,
				808EBE7129295A2B00E6BEA5 /* GreyButtonTextView.swift */,
				808EBE6E29295A2A00E6BEA5 /* PurchasesCell.swift */,
				808EBE6F29295A2A00E6BEA5 /* PurchaseStruct.swift */,
				808EBE7029295A2A00E6BEA5 /* TopBarView.swift */,
			);
			path = Home;
			sourceTree = "<group>";
		};
/* End PBXGroup section */

/* Begin PBXNativeTarget section */
		808EBDD62928453E00E6BEA5 /* KCLHackApp */ = {
			isa = PBXNativeTarget;
			buildConfigurationList = 808EBE012928454000E6BEA5 /* Build configuration list for PBXNativeTarget "KCLHackApp" */;
			buildPhases = (
				808EBDD32928453E00E6BEA5 /* Sources */,
				808EBDD42928453E00E6BEA5 /* Frameworks */,
				808EBDD52928453E00E6BEA5 /* Resources */,
			);
			buildRules = (
			);
			dependencies = (
			);
			name = KCLHackApp;
			packageProductDependencies = (
				808EBE3629290AE100E6BEA5 /* SPConfetti */,
			);
			productName = KCLHackApp;
			productReference = 808EBDD72928453E00E6BEA5 /* KCLHackApp.app */;
			productType = "com.apple.product-type.application";
		};
		808EBDEC2928454000E6BEA5 /* KCLHackAppTests */ = {
			isa = PBXNativeTarget;
			buildConfigurationList = 808EBE042928454000E6BEA5 /* Build configuration list for PBXNativeTarget "KCLHackAppTests" */;
			buildPhases = (
				808EBDE92928454000E6BEA5 /* Sources */,
				808EBDEA2928454000E6BEA5 /* Frameworks */,
				808EBDEB2928454000E6BEA5 /* Resources */,
			);
			buildRules = (
			);
			dependencies = (
				808EBDEF2928454000E6BEA5 /* PBXTargetDependency */,
			);
			name = KCLHackAppTests;
			productName = KCLHackAppTests;
			productReference = 808EBDED2928454000E6BEA5 /* KCLHackAppTests.xctest */;
			productType = "com.apple.product-type.bundle.unit-test";
		};
		808EBDF62928454000E6BEA5 /* KCLHackAppUITests */ = {
			isa = PBXNativeTarget;
			buildConfigurationList = 808EBE072928454000E6BEA5 /* Build configuration list for PBXNativeTarget "KCLHackAppUITests" */;
			buildPhases = (
				808EBDF32928454000E6BEA5 /* Sources */,
				808EBDF42928454000E6BEA5 /* Frameworks */,
				808EBDF52928454000E6BEA5 /* Resources */,
			);
			buildRules = (
			);
			dependencies = (
				808EBDF92928454000E6BEA5 /* PBXTargetDependency */,
			);
			name = KCLHackAppUITests;
			productName = KCLHackAppUITests;
			productReference = 808EBDF72928454000E6BEA5 /* KCLHackAppUITests.xctest */;
			productType = "com.apple.product-type.bundle.ui-testing";
		};
/* End PBXNativeTarget section */

/* Begin PBXProject section */
		808EBDCF2928453D00E6BEA5 /* Project object */ = {
			isa = PBXProject;
			attributes = {
				BuildIndependentTargetsInParallel = 1;
				LastSwiftUpdateCheck = 1410;
				LastUpgradeCheck = 1410;
				TargetAttributes = {
					808EBDD62928453E00E6BEA5 = {
						CreatedOnToolsVersion = 14.1;
					};
					808EBDEC2928454000E6BEA5 = {
						CreatedOnToolsVersion = 14.1;
						TestTargetID = 808EBDD62928453E00E6BEA5;
					};
					808EBDF62928454000E6BEA5 = {
						CreatedOnToolsVersion = 14.1;
						TestTargetID = 808EBDD62928453E00E6BEA5;
					};
				};
			};
			buildConfigurationList = 808EBDD22928453D00E6BEA5 /* Build configuration list for PBXProject "KCLHackApp" */;
			compatibilityVersion = "Xcode 14.0";
			developmentRegion = en;
			hasScannedForEncodings = 0;
			knownRegions = (
				en,
				Base,
			);
			mainGroup = 808EBDCE2928453D00E6BEA5;
			packageReferences = (
				808EBE3529290AE100E6BEA5 /* XCRemoteSwiftPackageReference "SPConfetti" */,
			);
			productRefGroup = 808EBDD82928453E00E6BEA5 /* Products */;
			projectDirPath = "";
			projectRoot = "";
			targets = (
				808EBDD62928453E00E6BEA5 /* KCLHackApp */,
				808EBDEC2928454000E6BEA5 /* KCLHackAppTests */,
				808EBDF62928454000E6BEA5 /* KCLHackAppUITests */,
			);
		};
/* End PBXProject section */

/* Begin PBXResourcesBuildPhase section */
		808EBDD52928453E00E6BEA5 /* Resources */ = {
			isa = PBXResourcesBuildPhase;
			buildActionMask = 2147483647;
			files = (
				808EBDE72928454000E6BEA5 /* LaunchScreen.storyboard in Resources */,
				808EBDE42928454000E6BEA5 /* Assets.xcassets in Resources */,
				808EBDE22928453E00E6BEA5 /* Main.storyboard in Resources */,
			);
			runOnlyForDeploymentPostprocessing = 0;
		};
		808EBDEB2928454000E6BEA5 /* Resources */ = {
			isa = PBXResourcesBuildPhase;
			buildActionMask = 2147483647;
			files = (
			);
			runOnlyForDeploymentPostprocessing = 0;
		};
		808EBDF52928454000E6BEA5 /* Resources */ = {
			isa = PBXResourcesBuildPhase;
			buildActionMask = 2147483647;
			files = (
			);
			runOnlyForDeploymentPostprocessing = 0;
		};
/* End PBXResourcesBuildPhase section */

/* Begin PBXSourcesBuildPhase section */
		808EBDD32928453E00E6BEA5 /* Sources */ = {
			isa = PBXSourcesBuildPhase;
			buildActionMask = 2147483647;
			files = (
				808EBE7729295A2B00E6BEA5 /* TopBarView.swift in Sources */,
				808EBE5D2929327C00E6BEA5 /* GroupStruct.swift in Sources */,
				808EBE632929357700E6BEA5 /* TrendsVC.swift in Sources */,
				808EBE61292934AD00E6BEA5 /* TabBarController.swift in Sources */,
				808EBE7329295A2B00E6BEA5 /* HomeViewController.swift in Sources */,
				808EBE242928DCF400E6BEA5 /* QuestionStruct.swift in Sources */,
				808EBE5C2929327C00E6BEA5 /* FriendStruct.swift in Sources */,
				808EBE3D29291CF900E6BEA5 /* AnsweredQuestions.swift in Sources */,
				808EBE2E2928F47E00E6BEA5 /* WhiteBottomButton.swift in Sources */,
				808EBE4D29292FAF00E6BEA5 /* UIColor+Ext.swift in Sources */,
				808EBE4B29292FAF00E6BEA5 /* UIButton+Ext.swift in Sources */,
				808EBE6829293E3C00E6BEA5 /* AddBudgetView.swift in Sources */,
				808EBE282928E25800E6BEA5 /* ChoiceButton.swift in Sources */,
				808EBE7429295A2B00E6BEA5 /* GrayButtonsView.swift in Sources */,
				808EBE4829292FAF00E6BEA5 /* UICollectionView+Ext.swift in Sources */,
				808EBE1F2928DBDA00E6BEA5 /* QuizViewController.swift in Sources */,
				808EBDDF2928453E00E6BEA5 /* ViewController.swift in Sources */,
				808EBE3F2929228600E6BEA5 /* SummaryCell.swift in Sources */,
				808EBDDB2928453E00E6BEA5 /* AppDelegate.swift in Sources */,
				808EBE2A2928E62000E6BEA5 /* ChoiceStruct.swift in Sources */,
				808EBE5A2929327C00E6BEA5 /* GroupsCell.swift in Sources */,
				808EBE7529295A2B00E6BEA5 /* PurchasesCell.swift in Sources */,
				808EBE5E2929327C00E6BEA5 /* PotView.swift in Sources */,
				808EBE7629295A2B00E6BEA5 /* PurchaseStruct.swift in Sources */,
				808EBE2C2928EB5000E6BEA5 /* TrueOrFalseButtonView.swift in Sources */,
				808EBE7829295A2B00E6BEA5 /* GreyButtonTextView.swift in Sources */,
				808EBE4C29292FAF00E6BEA5 /* UISearchTextField+Ext.swift in Sources */,
				808EBE4A29292FAF00E6BEA5 /* UILabel+Ext.swift in Sources */,
				808EBE342928F8A900E6BEA5 /* ProgressBar.swift in Sources */,
				808EBE582929327C00E6BEA5 /* FriendsCell.swift in Sources */,
				808EBE222928DC6300E6BEA5 /* QuizCell.swift in Sources */,
				808EBE39292914AD00E6BEA5 /* SliderView.swift in Sources */,
				808EBE312928F84000E6BEA5 /* ProgressView.swift in Sources */,
				808EBE4729292FAF00E6BEA5 /* UIView+Ext.swift in Sources */,
				808EBE3B29291CCC00E6BEA5 /* SummaryViewController.swift in Sources */,
				808EBE7229295A2B00E6BEA5 /* GrayButton.swift in Sources */,
				808EBE592929327C00E6BEA5 /* ChatViewController.swift in Sources */,
				808EBE5B2929327C00E6BEA5 /* PotViewController.swift in Sources */,
				808EBE4929292FAF00E6BEA5 /* UITableView+Ext.swift in Sources */,
				808EBE262928E1F400E6BEA5 /* MultipleChoiceButtons.swift in Sources */,
				808EBDDD2928453E00E6BEA5 /* SceneDelegate.swift in Sources */,
			);
			runOnlyForDeploymentPostprocessing = 0;
		};
		808EBDE92928454000E6BEA5 /* Sources */ = {
			isa = PBXSourcesBuildPhase;
			buildActionMask = 2147483647;
			files = (
				808EBDF22928454000E6BEA5 /* KCLHackAppTests.swift in Sources */,
			);
			runOnlyForDeploymentPostprocessing = 0;
		};
		808EBDF32928454000E6BEA5 /* Sources */ = {
			isa = PBXSourcesBuildPhase;
			buildActionMask = 2147483647;
			files = (
				808EBDFE2928454000E6BEA5 /* KCLHackAppUITestsLaunchTests.swift in Sources */,
				808EBDFC2928454000E6BEA5 /* KCLHackAppUITests.swift in Sources */,
			);
			runOnlyForDeploymentPostprocessing = 0;
		};
/* End PBXSourcesBuildPhase section */

/* Begin PBXTargetDependency section */
		808EBDEF2928454000E6BEA5 /* PBXTargetDependency */ = {
			isa = PBXTargetDependency;
			target = 808EBDD62928453E00E6BEA5 /* KCLHackApp */;
			targetProxy = 808EBDEE2928454000E6BEA5 /* PBXContainerItemProxy */;
		};
		808EBDF92928454000E6BEA5 /* PBXTargetDependency */ = {
			isa = PBXTargetDependency;
			target = 808EBDD62928453E00E6BEA5 /* KCLHackApp */;
			targetProxy = 808EBDF82928454000E6BEA5 /* PBXContainerItemProxy */;
		};
/* End PBXTargetDependency section */

/* Begin PBXVariantGroup section */
		808EBDE02928453E00E6BEA5 /* Main.storyboard */ = {
			isa = PBXVariantGroup;
			children = (
				808EBDE12928453E00E6BEA5 /* Base */,
			);
			name = Main.storyboard;
			sourceTree = "<group>";
		};
		808EBDE52928454000E6BEA5 /* LaunchScreen.storyboard */ = {
			isa = PBXVariantGroup;
			children = (
				808EBDE62928454000E6BEA5 /* Base */,
			);
			name = LaunchScreen.storyboard;
			sourceTree = "<group>";
		};
/* End PBXVariantGroup section */

/* Begin XCBuildConfiguration section */
		808EBDFF2928454000E6BEA5 /* Debug */ = {
			isa = XCBuildConfiguration;
			buildSettings = {
				ALWAYS_SEARCH_USER_PATHS = NO;
				CLANG_ANALYZER_NONNULL = YES;
				CLANG_ANALYZER_NUMBER_OBJECT_CONVERSION = YES_AGGRESSIVE;
				CLANG_CXX_LANGUAGE_STANDARD = "gnu++20";
				CLANG_ENABLE_MODULES = YES;
				CLANG_ENABLE_OBJC_ARC = YES;
				CLANG_ENABLE_OBJC_WEAK = YES;
				CLANG_WARN_BLOCK_CAPTURE_AUTORELEASING = YES;
				CLANG_WARN_BOOL_CONVERSION = YES;
				CLANG_WARN_COMMA = YES;
				CLANG_WARN_CONSTANT_CONVERSION = YES;
				CLANG_WARN_DEPRECATED_OBJC_IMPLEMENTATIONS = YES;
				CLANG_WARN_DIRECT_OBJC_ISA_USAGE = YES_ERROR;
				CLANG_WARN_DOCUMENTATION_COMMENTS = YES;
				CLANG_WARN_EMPTY_BODY = YES;
				CLANG_WARN_ENUM_CONVERSION = YES;
				CLANG_WARN_INFINITE_RECURSION = YES;
				CLANG_WARN_INT_CONVERSION = YES;
				CLANG_WARN_NON_LITERAL_NULL_CONVERSION = YES;
				CLANG_WARN_OBJC_IMPLICIT_RETAIN_SELF = YES;
				CLANG_WARN_OBJC_LITERAL_CONVERSION = YES;
				CLANG_WARN_OBJC_ROOT_CLASS = YES_ERROR;
				CLANG_WARN_QUOTED_INCLUDE_IN_FRAMEWORK_HEADER = YES;
				CLANG_WARN_RANGE_LOOP_ANALYSIS = YES;
				CLANG_WARN_STRICT_PROTOTYPES = YES;
				CLANG_WARN_SUSPICIOUS_MOVE = YES;
				CLANG_WARN_UNGUARDED_AVAILABILITY = YES_AGGRESSIVE;
				CLANG_WARN_UNREACHABLE_CODE = YES;
				CLANG_WARN__DUPLICATE_METHOD_MATCH = YES;
				COPY_PHASE_STRIP = NO;
				DEBUG_INFORMATION_FORMAT = dwarf;
				ENABLE_STRICT_OBJC_MSGSEND = YES;
				ENABLE_TESTABILITY = YES;
				GCC_C_LANGUAGE_STANDARD = gnu11;
				GCC_DYNAMIC_NO_PIC = NO;
				GCC_NO_COMMON_BLOCKS = YES;
				GCC_OPTIMIZATION_LEVEL = 0;
				GCC_PREPROCESSOR_DEFINITIONS = (
					"DEBUG=1",
					"$(inherited)",
				);
				GCC_WARN_64_TO_32_BIT_CONVERSION = YES;
				GCC_WARN_ABOUT_RETURN_TYPE = YES_ERROR;
				GCC_WARN_UNDECLARED_SELECTOR = YES;
				GCC_WARN_UNINITIALIZED_AUTOS = YES_AGGRESSIVE;
				GCC_WARN_UNUSED_FUNCTION = YES;
				GCC_WARN_UNUSED_VARIABLE = YES;
				IPHONEOS_DEPLOYMENT_TARGET = 16.1;
				MTL_ENABLE_DEBUG_INFO = INCLUDE_SOURCE;
				MTL_FAST_MATH = YES;
				ONLY_ACTIVE_ARCH = YES;
				SDKROOT = iphoneos;
				SWIFT_ACTIVE_COMPILATION_CONDITIONS = DEBUG;
				SWIFT_OPTIMIZATION_LEVEL = "-Onone";
			};
			name = Debug;
		};
		808EBE002928454000E6BEA5 /* Release */ = {
			isa = XCBuildConfiguration;
			buildSettings = {
				ALWAYS_SEARCH_USER_PATHS = NO;
				CLANG_ANALYZER_NONNULL = YES;
				CLANG_ANALYZER_NUMBER_OBJECT_CONVERSION = YES_AGGRESSIVE;
				CLANG_CXX_LANGUAGE_STANDARD = "gnu++20";
				CLANG_ENABLE_MODULES = YES;
				CLANG_ENABLE_OBJC_ARC = YES;
				CLANG_ENABLE_OBJC_WEAK = YES;
				CLANG_WARN_BLOCK_CAPTURE_AUTORELEASING = YES;
				CLANG_WARN_BOOL_CONVERSION = YES;
				CLANG_WARN_COMMA = YES;
				CLANG_WARN_CONSTANT_CONVERSION = YES;
				CLANG_WARN_DEPRECATED_OBJC_IMPLEMENTATIONS = YES;
				CLANG_WARN_DIRECT_OBJC_ISA_USAGE = YES_ERROR;
				CLANG_WARN_DOCUMENTATION_COMMENTS = YES;
				CLANG_WARN_EMPTY_BODY = YES;
				CLANG_WARN_ENUM_CONVERSION = YES;
				CLANG_WARN_INFINITE_RECURSION = YES;
				CLANG_WARN_INT_CONVERSION = YES;
				CLANG_WARN_NON_LITERAL_NULL_CONVERSION = YES;
				CLANG_WARN_OBJC_IMPLICIT_RETAIN_SELF = YES;
				CLANG_WARN_OBJC_LITERAL_CONVERSION = YES;
				CLANG_WARN_OBJC_ROOT_CLASS = YES_ERROR;
				CLANG_WARN_QUOTED_INCLUDE_IN_FRAMEWORK_HEADER = YES;
				CLANG_WARN_RANGE_LOOP_ANALYSIS = YES;
				CLANG_WARN_STRICT_PROTOTYPES = YES;
				CLANG_WARN_SUSPICIOUS_MOVE = YES;
				CLANG_WARN_UNGUARDED_AVAILABILITY = YES_AGGRESSIVE;
				CLANG_WARN_UNREACHABLE_CODE = YES;
				CLANG_WARN__DUPLICATE_METHOD_MATCH = YES;
				COPY_PHASE_STRIP = NO;
				DEBUG_INFORMATION_FORMAT = "dwarf-with-dsym";
				ENABLE_NS_ASSERTIONS = NO;
				ENABLE_STRICT_OBJC_MSGSEND = YES;
				GCC_C_LANGUAGE_STANDARD = gnu11;
				GCC_NO_COMMON_BLOCKS = YES;
				GCC_WARN_64_TO_32_BIT_CONVERSION = YES;
				GCC_WARN_ABOUT_RETURN_TYPE = YES_ERROR;
				GCC_WARN_UNDECLARED_SELECTOR = YES;
				GCC_WARN_UNINITIALIZED_AUTOS = YES_AGGRESSIVE;
				GCC_WARN_UNUSED_FUNCTION = YES;
				GCC_WARN_UNUSED_VARIABLE = YES;
				IPHONEOS_DEPLOYMENT_TARGET = 16.1;
				MTL_ENABLE_DEBUG_INFO = NO;
				MTL_FAST_MATH = YES;
				SDKROOT = iphoneos;
				SWIFT_COMPILATION_MODE = wholemodule;
				SWIFT_OPTIMIZATION_LEVEL = "-O";
				VALIDATE_PRODUCT = YES;
			};
			name = Release;
		};
		808EBE022928454000E6BEA5 /* Debug */ = {
			isa = XCBuildConfiguration;
			buildSettings = {
				ASSETCATALOG_COMPILER_APPICON_NAME = AppIcon;
				ASSETCATALOG_COMPILER_GLOBAL_ACCENT_COLOR_NAME = AccentColor;
				CODE_SIGN_STYLE = Automatic;
				CURRENT_PROJECT_VERSION = 1;
				DEVELOPMENT_TEAM = UEA5XWCYV3;
				GENERATE_INFOPLIST_FILE = YES;
				INFOPLIST_FILE = KCLHackApp/Info.plist;
				INFOPLIST_KEY_UIApplicationSupportsIndirectInputEvents = YES;
				INFOPLIST_KEY_UILaunchStoryboardName = LaunchScreen;
				INFOPLIST_KEY_UIMainStoryboardFile = Main;
				INFOPLIST_KEY_UISupportedInterfaceOrientations_iPad = "UIInterfaceOrientationPortrait UIInterfaceOrientationPortraitUpsideDown UIInterfaceOrientationLandscapeLeft UIInterfaceOrientationLandscapeRight";
				INFOPLIST_KEY_UISupportedInterfaceOrientations_iPhone = "UIInterfaceOrientationPortrait UIInterfaceOrientationLandscapeLeft UIInterfaceOrientationLandscapeRight";
				LD_RUNPATH_SEARCH_PATHS = (
					"$(inherited)",
					"@executable_path/Frameworks",
				);
				MARKETING_VERSION = 1.0;
				PRODUCT_BUNDLE_IDENTIFIER = com.christian.KCLHackApp;
				PRODUCT_NAME = "$(TARGET_NAME)";
				SWIFT_EMIT_LOC_STRINGS = YES;
				SWIFT_VERSION = 5.0;
				TARGETED_DEVICE_FAMILY = "1,2";
			};
			name = Debug;
		};
		808EBE032928454000E6BEA5 /* Release */ = {
			isa = XCBuildConfiguration;
			buildSettings = {
				ASSETCATALOG_COMPILER_APPICON_NAME = AppIcon;
				ASSETCATALOG_COMPILER_GLOBAL_ACCENT_COLOR_NAME = AccentColor;
				CODE_SIGN_STYLE = Automatic;
				CURRENT_PROJECT_VERSION = 1;
				DEVELOPMENT_TEAM = UEA5XWCYV3;
				GENERATE_INFOPLIST_FILE = YES;
				INFOPLIST_FILE = KCLHackApp/Info.plist;
				INFOPLIST_KEY_UIApplicationSupportsIndirectInputEvents = YES;
				INFOPLIST_KEY_UILaunchStoryboardName = LaunchScreen;
				INFOPLIST_KEY_UIMainStoryboardFile = Main;
				INFOPLIST_KEY_UISupportedInterfaceOrientations_iPad = "UIInterfaceOrientationPortrait UIInterfaceOrientationPortraitUpsideDown UIInterfaceOrientationLandscapeLeft UIInterfaceOrientationLandscapeRight";
				INFOPLIST_KEY_UISupportedInterfaceOrientations_iPhone = "UIInterfaceOrientationPortrait UIInterfaceOrientationLandscapeLeft UIInterfaceOrientationLandscapeRight";
				LD_RUNPATH_SEARCH_PATHS = (
					"$(inherited)",
					"@executable_path/Frameworks",
				);
				MARKETING_VERSION = 1.0;
				PRODUCT_BUNDLE_IDENTIFIER = com.christian.KCLHackApp;
				PRODUCT_NAME = "$(TARGET_NAME)";
				SWIFT_EMIT_LOC_STRINGS = YES;
				SWIFT_VERSION = 5.0;
				TARGETED_DEVICE_FAMILY = "1,2";
			};
			name = Release;
		};
		808EBE052928454000E6BEA5 /* Debug */ = {
			isa = XCBuildConfiguration;
			buildSettings = {
				ALWAYS_EMBED_SWIFT_STANDARD_LIBRARIES = YES;
				BUNDLE_LOADER = "$(TEST_HOST)";
				CODE_SIGN_STYLE = Automatic;
				CURRENT_PROJECT_VERSION = 1;
				DEVELOPMENT_TEAM = UEA5XWCYV3;
				GENERATE_INFOPLIST_FILE = YES;
				IPHONEOS_DEPLOYMENT_TARGET = 16.1;
				MARKETING_VERSION = 1.0;
				PRODUCT_BUNDLE_IDENTIFIER = com.christian.KCLHackAppTests;
				PRODUCT_NAME = "$(TARGET_NAME)";
				SWIFT_EMIT_LOC_STRINGS = NO;
				SWIFT_VERSION = 5.0;
				TARGETED_DEVICE_FAMILY = "1,2";
				TEST_HOST = "$(BUILT_PRODUCTS_DIR)/KCLHackApp.app/$(BUNDLE_EXECUTABLE_FOLDER_PATH)/KCLHackApp";
			};
			name = Debug;
		};
		808EBE062928454000E6BEA5 /* Release */ = {
			isa = XCBuildConfiguration;
			buildSettings = {
				ALWAYS_EMBED_SWIFT_STANDARD_LIBRARIES = YES;
				BUNDLE_LOADER = "$(TEST_HOST)";
				CODE_SIGN_STYLE = Automatic;
				CURRENT_PROJECT_VERSION = 1;
				DEVELOPMENT_TEAM = UEA5XWCYV3;
				GENERATE_INFOPLIST_FILE = YES;
				IPHONEOS_DEPLOYMENT_TARGET = 16.1;
				MARKETING_VERSION = 1.0;
				PRODUCT_BUNDLE_IDENTIFIER = com.christian.KCLHackAppTests;
				PRODUCT_NAME = "$(TARGET_NAME)";
				SWIFT_EMIT_LOC_STRINGS = NO;
				SWIFT_VERSION = 5.0;
				TARGETED_DEVICE_FAMILY = "1,2";
				TEST_HOST = "$(BUILT_PRODUCTS_DIR)/KCLHackApp.app/$(BUNDLE_EXECUTABLE_FOLDER_PATH)/KCLHackApp";
			};
			name = Release;
		};
		808EBE082928454000E6BEA5 /* Debug */ = {
			isa = XCBuildConfiguration;
			buildSettings = {
				ALWAYS_EMBED_SWIFT_STANDARD_LIBRARIES = YES;
				CODE_SIGN_STYLE = Automatic;
				CURRENT_PROJECT_VERSION = 1;
				DEVELOPMENT_TEAM = UEA5XWCYV3;
				GENERATE_INFOPLIST_FILE = YES;
				MARKETING_VERSION = 1.0;
				PRODUCT_BUNDLE_IDENTIFIER = com.christian.KCLHackAppUITests;
				PRODUCT_NAME = "$(TARGET_NAME)";
				SWIFT_EMIT_LOC_STRINGS = NO;
				SWIFT_VERSION = 5.0;
				TARGETED_DEVICE_FAMILY = "1,2";
				TEST_TARGET_NAME = KCLHackApp;
			};
			name = Debug;
		};
		808EBE092928454000E6BEA5 /* Release */ = {
			isa = XCBuildConfiguration;
			buildSettings = {
				ALWAYS_EMBED_SWIFT_STANDARD_LIBRARIES = YES;
				CODE_SIGN_STYLE = Automatic;
				CURRENT_PROJECT_VERSION = 1;
				DEVELOPMENT_TEAM = UEA5XWCYV3;
				GENERATE_INFOPLIST_FILE = YES;
				MARKETING_VERSION = 1.0;
				PRODUCT_BUNDLE_IDENTIFIER = com.christian.KCLHackAppUITests;
				PRODUCT_NAME = "$(TARGET_NAME)";
				SWIFT_EMIT_LOC_STRINGS = NO;
				SWIFT_VERSION = 5.0;
				TARGETED_DEVICE_FAMILY = "1,2";
				TEST_TARGET_NAME = KCLHackApp;
			};
			name = Release;
		};
/* End XCBuildConfiguration section */

/* Begin XCConfigurationList section */
		808EBDD22928453D00E6BEA5 /* Build configuration list for PBXProject "KCLHackApp" */ = {
			isa = XCConfigurationList;
			buildConfigurations = (
				808EBDFF2928454000E6BEA5 /* Debug */,
				808EBE002928454000E6BEA5 /* Release */,
			);
			defaultConfigurationIsVisible = 0;
			defaultConfigurationName = Release;
		};
		808EBE012928454000E6BEA5 /* Build configuration list for PBXNativeTarget "KCLHackApp" */ = {
			isa = XCConfigurationList;
			buildConfigurations = (
				808EBE022928454000E6BEA5 /* Debug */,
				808EBE032928454000E6BEA5 /* Release */,
			);
			defaultConfigurationIsVisible = 0;
			defaultConfigurationName = Release;
		};
		808EBE042928454000E6BEA5 /* Build configuration list for PBXNativeTarget "KCLHackAppTests" */ = {
			isa = XCConfigurationList;
			buildConfigurations = (
				808EBE052928454000E6BEA5 /* Debug */,
				808EBE062928454000E6BEA5 /* Release */,
			);
			defaultConfigurationIsVisible = 0;
			defaultConfigurationName = Release;
		};
		808EBE072928454000E6BEA5 /* Build configuration list for PBXNativeTarget "KCLHackAppUITests" */ = {
			isa = XCConfigurationList;
			buildConfigurations = (
				808EBE082928454000E6BEA5 /* Debug */,
				808EBE092928454000E6BEA5 /* Release */,
			);
			defaultConfigurationIsVisible = 0;
			defaultConfigurationName = Release;
		};
/* End XCConfigurationList section */

/* Begin XCRemoteSwiftPackageReference section */
		808EBE3529290AE100E6BEA5 /* XCRemoteSwiftPackageReference "SPConfetti" */ = {
			isa = XCRemoteSwiftPackageReference;
			repositoryURL = "https://github.com/ivanvorobei/SPConfetti";
			requirement = {
				kind = upToNextMajorVersion;
				minimumVersion = 1.0.0;
			};
		};
/* End XCRemoteSwiftPackageReference section */

/* Begin XCSwiftPackageProductDependency section */
		808EBE3629290AE100E6BEA5 /* SPConfetti */ = {
			isa = XCSwiftPackageProductDependency;
			package = 808EBE3529290AE100E6BEA5 /* XCRemoteSwiftPackageReference "SPConfetti" */;
			productName = SPConfetti;
		};
/* End XCSwiftPackageProductDependency section */
	};
	rootObject = 808EBDCF2928453D00E6BEA5 /* Project object */;
}
